<Project xmlns="http://schemas.microsoft.com/developer/msbuild/2003">
    <PropertyGroup>
        <Base>True</Base>
        <AppType>Application</AppType>
        <Config Condition="'$(Config)'==''">Debug</Config>
        <DCC_DCCCompiler>DCC32</DCC_DCCCompiler>
        <FrameworkType>VCL</FrameworkType>
        <MainSource>PyScripter.dpr</MainSource>
        <Platform Condition="'$(Platform)'==''">Win64</Platform>
        <ProjectGuid>{FD7531E1-BDA2-4EF3-A3E8-074B952317EF}</ProjectGuid>
        <ProjectName Condition="'$(ProjectName)'==''">PyScripter</ProjectName>
        <ProjectVersion>20.3</ProjectVersion>
        <TargetedPlatforms>3</TargetedPlatforms>
    </PropertyGroup>
    <PropertyGroup Condition="'$(Config)'=='Base' or '$(Base)'!=''">
        <Base>true</Base>
    </PropertyGroup>
    <PropertyGroup Condition="('$(Platform)'=='Win32' and '$(Base)'=='true') or '$(Base_Win32)'!=''">
        <Base_Win32>true</Base_Win32>
        <CfgParent>Base</CfgParent>
        <Base>true</Base>
    </PropertyGroup>
    <PropertyGroup Condition="('$(Platform)'=='Win64' and '$(Base)'=='true') or '$(Base_Win64)'!=''">
        <Base_Win64>true</Base_Win64>
        <CfgParent>Base</CfgParent>
        <Base>true</Base>
    </PropertyGroup>
    <PropertyGroup Condition="'$(Config)'=='Release' or '$(Cfg_1)'!=''">
        <Cfg_1>true</Cfg_1>
        <CfgParent>Base</CfgParent>
        <Base>true</Base>
    </PropertyGroup>
    <PropertyGroup Condition="'$(Config)'=='Debug' or '$(Cfg_2)'!=''">
        <Cfg_2>true</Cfg_2>
        <CfgParent>Base</CfgParent>
        <Base>true</Base>
    </PropertyGroup>
    <PropertyGroup Condition="('$(Platform)'=='Win32' and '$(Cfg_2)'=='true') or '$(Cfg_2_Win32)'!=''">
        <Cfg_2_Win32>true</Cfg_2_Win32>
        <CfgParent>Cfg_2</CfgParent>
        <Cfg_2>true</Cfg_2>
        <Base>true</Base>
    </PropertyGroup>
    <PropertyGroup Condition="('$(Platform)'=='Win64' and '$(Cfg_2)'=='true') or '$(Cfg_2_Win64)'!=''">
        <Cfg_2_Win64>true</Cfg_2_Win64>
        <CfgParent>Cfg_2</CfgParent>
        <Cfg_2>true</Cfg_2>
        <Base>true</Base>
    </PropertyGroup>
    <PropertyGroup Condition="'$(Base)'!=''">
        <SanitizedProjectName>PyScripter</SanitizedProjectName>
        <Custom_Styles>&quot;Windows11 Impressive Light|VCLSTYLE|$(BDSCOMMONDIR)\Styles\Windows11_Impressive_Light.vsf&quot;;&quot;Windows11 MineShaft|VCLSTYLE|$(BDSCOMMONDIR)\Styles\Windows11_MineShaft.vsf&quot;</Custom_Styles>
        <DCC_DcuOutput>.\$(Platform)\$(Config)</DCC_DcuOutput>
        <DCC_DependencyCheckOutputName>PyScripter.exe</DCC_DependencyCheckOutputName>
        <DCC_ExeOutput>.\..</DCC_ExeOutput>
        <DCC_ImageBase>00400000</DCC_ImageBase>
        <DCC_MapFile>3</DCC_MapFile>
        <DCC_Namespace>Vcl;Vcl.Imaging;Vcl.Touch;Vcl.Samples;Vcl.Shell;System;Xml;Data;Datasnap;Web;Soap;Winapi;System.Win;$(DCC_Namespace)</DCC_Namespace>
        <DCC_Platform>x86</DCC_Platform>
        <DCC_SYMBOL_PLATFORM>false</DCC_SYMBOL_PLATFORM>
        <DCC_StringChecks>off</DCC_StringChecks>
        <DCC_UNIT_PLATFORM>false</DCC_UNIT_PLATFORM>
        <DCC_UsePackage>vcl;rtl;vcldb;dbrtl;vclx;xmlrtl;vclie;inetdbbde;inet;inetdbxpress;IndySystem;IndyCore;dclOfficeXP;VclSmp;soaprtl;dsnap;IndyProtocols;inetdb;bdertl;vcldbx;vclactnband;vclshlctrls;teeui;teedb;tee;DJcl;JvStdCtrlsD9R;JvAppFrmD9R;JvCoreD9R;JvBandsD9R;JvDlgsD9R;JvCmpD9R;JvCtrlsD9R;JvCustomD9R;JvDockingD9R;JvHMID9R;JvInspectorD9R;JvPageCompsD9R;JvPluginD9R;JvSystemD9R;JvValidatorsD9R;Python_bds3;SynEdit_R2005;tb2k_d9;tbx_d9;VirtualTreesD9;VirtualShellToolsD9;FreeComp9;DJclVcl;mbTBXJvLibD9D;JvRuntimeDesignD9R;$(DCC_UsePackage)</DCC_UsePackage>
        <Icon_MainIcon>PyScripter_Icon.ico</Icon_MainIcon>
        <Manifest_File>None</Manifest_File>
        <VCL_Custom_Styles>Carbon|VCLSTYLE|$(PUBLIC)\Documents\Embarcadero\Studio\15.0\Styles\Carbon.vsf;Coral|VCLSTYLE|$(PUBLIC)\Documents\Embarcadero\Studio\15.0\Styles\Coral.vsf;Jet|VCLSTYLE|$(PUBLIC)\Documents\Embarcadero\Studio\15.0\Styles\Jet.vsf;Luna|VCLSTYLE|$(PUBLIC)\Documents\Embarcadero\Studio\15.0\Styles\Luna.vsf;Windows10|VCLSTYLE|$(PUBLIC)\Documents\Embarcadero\Studio\15.0\Styles\Windows10.vsf</VCL_Custom_Styles>
        <VerInfo_IncludeVerInfo>true</VerInfo_IncludeVerInfo>
        <VerInfo_Keys>CompanyName=;FileDescription=PyScripter Python IDE;FileVersion=5.3.1.0;InternalName=;LegalCopyright=(c) Kiriakos Vlahos;LegalTrademarks=;OriginalFilename=PyScripter.exe;ProductName=PyScripter;ProductVersion=5.3.0.0;Comments=</VerInfo_Keys>
        <VerInfo_Locale>2057</VerInfo_Locale>
        <VerInfo_MajorVer>5</VerInfo_MajorVer>
        <VerInfo_MinorVer>3</VerInfo_MinorVer>
        <VerInfo_Release>1</VerInfo_Release>
    </PropertyGroup>
    <PropertyGroup Condition="'$(Base_Win32)'!=''">
        <AppDPIAwarenessMode>system</AppDPIAwarenessMode>
        <DCC_Namespace>Data.Win;Datasnap.Win;Web.Win;Soap.Win;Xml.Win;Bde;$(DCC_Namespace)</DCC_Namespace>
        <Icon_MainIcon>PyScripter_Icon1.ico</Icon_MainIcon>
        <Manifest_File>PyScripter.exe.manifest</Manifest_File>
        <DCC_ExeOutput>.\..\x86</DCC_ExeOutput>
    </PropertyGroup>
    <PropertyGroup Condition="'$(Base_Win64)'!=''">
        <AppDPIAwarenessMode>system</AppDPIAwarenessMode>
        <DCC_Namespace>Data.Win;Datasnap.Win;Web.Win;Soap.Win;Xml.Win;$(DCC_Namespace)</DCC_Namespace>
        <Icon_MainIcon>PyScripter_Icon1.ico</Icon_MainIcon>
        <Manifest_File>PyScripter.exe.manifest</Manifest_File>
        <DCC_ExeOutput>.\..\x64</DCC_ExeOutput>
    </PropertyGroup>
    <PropertyGroup Condition="'$(Cfg_1)'!=''">
        <DCC_DebugInformation>0</DCC_DebugInformation>
        <DCC_Define>RELEASE;$(DCC_Define)</DCC_Define>
        <DCC_LocalDebugSymbols>false</DCC_LocalDebugSymbols>
        <DCC_SymbolReferenceInfo>0</DCC_SymbolReferenceInfo>
    </PropertyGroup>
    <PropertyGroup Condition="'$(Cfg_2)'!=''">
        <DCC_Define>DEBUG;$(DCC_Define)</DCC_Define>
    </PropertyGroup>
    <PropertyGroup Condition="'$(Cfg_2_Win32)'!=''">
        <BCC_DebugLineNumbers>true</BCC_DebugLineNumbers>
        <BCC_SourceDebuggingOn>true</BCC_SourceDebuggingOn>
        <BT_BuildType>Debug</BT_BuildType>
        <DCC_DebugDCUs>true</DCC_DebugDCUs>
        <Debugger_IncludeSystemVars>true</Debugger_IncludeSystemVars>
        <ILINK_FullDebugInfo>true</ILINK_FullDebugInfo>
        <ILINK_MapFileType>DetailedSegments</ILINK_MapFileType>
        <MapFile>3</MapFile>
    </PropertyGroup>
    <PropertyGroup Condition="'$(Cfg_2_Win64)'!=''">
        <BT_BuildType>Debug</BT_BuildType>
        <DCC_DebugDCUs>true</DCC_DebugDCUs>
        <ILINK_MapFileType>DetailedSegments</ILINK_MapFileType>
        <MapFile>3</MapFile>
    </PropertyGroup>
    <ItemGroup>
        <DelphiCompile Include="$(MainSource)">
            <MainSource>MainSource</MainSource>
        </DelphiCompile>
        <DCCReference Include="uCmdLine.pas"/>
        <DCCReference Include="dlgExceptionMail.pas">
            <Form>ExceptionDialogMail</Form>
        </DCCReference>
        <DCCReference Include="frmPyIDEMain.pas">
            <Form>PyIDEMainForm</Form>
        </DCCReference>
        <DCCReference Include="uEditAppIntfs.pas"/>
        <DCCReference Include="frmEditor.pas">
            <Form>EditorForm</Form>
        </DCCReference>
        <DCCReference Include="dmResources.pas">
            <Form>ResourcesDataModule</Form>
            <DesignClass>TDataModule</DesignClass>
        </DCCReference>
        <DCCReference Include="dmCommands.pas">
            <Form>CommandsDataModule</Form>
            <DesignClass>TDataModule</DesignClass>
        </DCCReference>
        <DCCReference Include="uHighlighterProcs.pas"/>
        <DCCReference Include="dlgConfirmReplace.pas">
            <Form>ConfirmReplaceDialog</Form>
        </DCCReference>
        <DCCReference Include="frmPythonII.pas">
            <Form>PythonIIForm</Form>
        </DCCReference>
        <DCCReference Include="frmMessages.pas">
            <Form>MessagesWindow</Form>
        </DCCReference>
        <DCCReference Include="cPyDebugger.pas"/>
        <DCCReference Include="dlgSynPageSetup.pas">
            <Form>PageSetupDlg</Form>
        </DCCReference>
        <DCCReference Include="dlgSynPrintPreview.pas">
            <Form>PrintPreviewDlg</Form>
        </DCCReference>
        <DCCReference Include="frmCallStack.pas">
            <Form>CallStackWindow</Form>
        </DCCReference>
        <DCCReference Include="frmBreakPoints.pas">
            <Form>BreakPointsWindow</Form>
        </DCCReference>
        <DCCReference Include="frmWatches.pas">
            <Form>WatchesWindow</Form>
        </DCCReference>
        <DCCReference Include="frmVariables.pas">
            <Form>VariablesWindow</Form>
        </DCCReference>
        <DCCReference Include="frmCodeExplorer.pas">
            <Form>CodeExplorerWindow</Form>
        </DCCReference>
        <DCCReference Include="dlgOptionsEditor.pas">
            <Form>OptionsInspector</Form>
        </DCCReference>
        <DCCReference Include="dlgDirectoryList.pas">
            <Form>DirectoryListDialog</Form>
        </DCCReference>
        <DCCReference Include="frmFileExplorer.pas">
            <Form>FileExplorerWindow</Form>
        </DCCReference>
        <DCCReference Include="frmIDEDockWin.pas">
            <Form>IDEDockWindow</Form>
        </DCCReference>
        <DCCReference Include="frmDisassemlyView.pas">
            <Form>DisForm</Form>
        </DCCReference>
        <DCCReference Include="frmDocView.pas">
            <Form>DocForm</Form>
        </DCCReference>
        <DCCReference Include="frmWebPreview.pas">
            <Form>WebPreviewForm</Form>
        </DCCReference>
        <DCCReference Include="SynHighlighterPython.pas"/>
        <DCCReference Include="frmToDo.pas">
            <Form>ToDoWindow</Form>
        </DCCReference>
        <DCCReference Include="dlgToDoOptions.pas">
            <Form>ToDoOptionsDlg</Form>
        </DCCReference>
        <DCCReference Include="cFileSearch.pas"/>
        <DCCReference Include="cFindInFiles.pas"/>
        <DCCReference Include="dlgFindInFiles.pas">
            <Form>FindInFilesDialog</Form>
        </DCCReference>
        <DCCReference Include="frmFindResults.pas">
            <Form>FindResultsWindow</Form>
        </DCCReference>
        <DCCReference Include="dlgFindResultsOptions.pas">
            <Form>FindResultsOptionsDialog</Form>
        </DCCReference>
        <DCCReference Include="dlgReplaceInFiles.pas">
            <Form>ReplaceInFilesDialog</Form>
        </DCCReference>
        <DCCReference Include="cParameters.pas"/>
        <DCCReference Include="uParams.pas"/>
        <DCCReference Include="dlgCustomParams.pas">
            <Form>CustomizeParams</Form>
        </DCCReference>
        <DCCReference Include="dlgAskParam.pas">
            <Form>AskParamForm</Form>
        </DCCReference>
        <DCCReference Include="dlgFileTemplates.pas">
            <Form>FileTemplatesDialog</Form>
        </DCCReference>
        <DCCReference Include="cTools.pas"/>
        <DCCReference Include="dlgCollectionEditor.pas">
            <Form>CollectionEditor</Form>
        </DCCReference>
        <DCCReference Include="dlgToolProperties.pas">
            <Form>ToolProperties</Form>
        </DCCReference>
        <DCCReference Include="frmCommandOutput.pas">
            <Form>OutputWindow</Form>
        </DCCReference>
        <DCCReference Include="frmFunctionList.pas">
            <Form>FunctionListWindow</Form>
        </DCCReference>
        <DCCReference Include="uCommonFunctions.pas"/>
        <DCCReference Include="StringResources.pas"/>
        <DCCReference Include="SynCompletionProposal.pas"/>
        <DCCReference Include="frmRegExpTester.pas">
            <Form>RegExpTesterWindow</Form>
        </DCCReference>
        <DCCReference Include="cCodeHint.pas"/>
        <DCCReference Include="dlgCommandLine.pas">
            <Form>CommandLineDlg</Form>
        </DCCReference>
        <DCCReference Include="dlgCustomShortcuts.pas">
            <Form>frmCustomKeyboard</Form>
        </DCCReference>
        <DCCReference Include="dlgUnitTestWizard.pas">
            <Form>UnitTestWizard</Form>
        </DCCReference>
        <DCCReference Include="frmUnitTests.pas">
            <Form>UnitTestWindow</Form>
        </DCCReference>
        <DCCReference Include="cFilePersist.pas"/>
        <DCCReference Include="dlgPickList.pas">
            <Form>PickListDialog</Form>
        </DCCReference>
        <DCCReference Include="dlgAboutPyScripter.pas">
            <Form>AboutBox</Form>
        </DCCReference>
        <DCCReference Include="cPyBaseDebugger.pas"/>
        <DCCReference Include="cPyRemoteDebugger.pas"/>
        <DCCReference Include="cFileTemplates.pas"/>
        <DCCReference Include="dlgCodeTemplates.pas">
            <Form>CodeTemplates</Form>
        </DCCReference>
        <DCCReference Include="dlgNewFile.pas">
            <Form>NewFileDialog</Form>
        </DCCReference>
        <DCCReference Include="JvDockVSNetStyle.pas"/>
        <DCCReference Include="JvDockControlForm.pas"/>
        <DCCReference Include="uSearchHighlighter.pas"/>
        <DCCReference Include="frmModSpTBXCustomize.pas"/>
        <DCCReference Include="cProjectClasses.pas"/>
        <DCCReference Include="frmProjectExplorer.pas">
            <Form>ProjectExplorerWindow</Form>
        </DCCReference>
        <DCCReference Include="dlgImportDirectory.pas">
            <Form>ImportDirectoryForm</Form>
        </DCCReference>
        <DCCReference Include="dlgRunConfiguration.pas">
            <Form>RunConfigurationForm</Form>
        </DCCReference>
        <DCCReference Include="dlgPyIDEBase.pas">
            <Form>PyIDEDlgBase</Form>
        </DCCReference>
        <DCCReference Include="JvDockInfo.pas"/>
        <DCCReference Include="dlgSynEditOptions.pas">
            <Form>EditorOptionsDialog</Form>
            <DesignClass>TForm</DesignClass>
        </DCCReference>
        <DCCReference Include="JvDockSupportControl.pas"/>
        <DCCReference Include="JvDockVIDStyle.pas"/>
        <DCCReference Include="cCodeCompletion.pas"/>
        <DCCReference Include="dlgStyleSelector.pas">
            <Form>StyleSelectorForm</Form>
        </DCCReference>
        <DCCReference Include="VCL.Styles.PyScripter.pas">
            <Form>/  Vcl.Styles.Utils.Forms;</Form>
        </DCCReference>
        <DCCReference Include="cAppPaths.pas"/>
        <DCCReference Include="cPyScripterSettings.pas"/>
        <DCCReference Include="cPySupportTypes.pas"/>
        <DCCReference Include="cPyControl.pas"/>
        <DCCReference Include="JvGnugettext.pas"/>
        <DCCReference Include="cInternalPython.pas"/>
        <DCCReference Include="dlgPythonVersions.pas">
            <Form>PythonVersionsDialog</Form>
        </DCCReference>
        <DCCReference Include="cSSHSupport.pas"/>
        <DCCReference Include="dlgRemoteFile.pas">
            <Form>RemoteFileDialog</Form>
        </DCCReference>
        <DCCReference Include="cPySSHDebugger.pas"/>
        <DCCReference Include="RtlVclFixes.pas"/>
        <DCCReference Include="JvDockAdvTree.pas"/>
        <DCCReference Include="JvDockSupportProc.pas"/>
        <DCCReference Include="JvDockTree.pas"/>
        <DCCReference Include="JvDockVSNetStyleSpTBX.pas"/>
        <DCCReference Include="SynEditLsp.pas"/>
        <DCCReference Include="uLLMSupport.pas"/>
        <DCCReference Include="frmLLMChat.pas">
            <Form>LLMChatForm</Form>
        </DCCReference>
        <DCCReference Include="frmSuggest.pas">
            <Form>SuggestWindow</Form>
        </DCCReference>
        <DCCReference Include="cLSPClients.pas"/>
        <DCCReference Include="uPythonItfs.pas"/>
        <None Include="PyScripter.todo"/>
        <BuildConfiguration Include="Base">
            <Key>Base</Key>
        </BuildConfiguration>
        <BuildConfiguration Include="Release">
            <Key>Cfg_1</Key>
            <CfgParent>Base</CfgParent>
        </BuildConfiguration>
        <BuildConfiguration Include="Debug">
            <Key>Cfg_2</Key>
            <CfgParent>Base</CfgParent>
        </BuildConfiguration>
    </ItemGroup>
    <Import Condition="Exists('$(BDS)\Bin\CodeGear.Delphi.Targets')" Project="$(BDS)\Bin\CodeGear.Delphi.Targets"/>
    <ProjectExtensions>
        <Borland.Personality>Delphi.Personality.12</Borland.Personality>
        <Borland.ProjectType>VCLApplication</Borland.ProjectType>
        <BorlandProject>
            <Delphi.Personality>
                <Source>
                    <Source Name="MainSource">PyScripter.dpr</Source>
                </Source>
                <Excluded_Packages/>
                <VersionInfo>
                    <VersionInfo Name="IncludeVerInfo">True</VersionInfo>
                    <VersionInfo Name="AutoIncBuild">False</VersionInfo>
                    <VersionInfo Name="Debug">False</VersionInfo>
                    <VersionInfo Name="PreRelease">False</VersionInfo>
                    <VersionInfo Name="Special">False</VersionInfo>
                    <VersionInfo Name="Private">False</VersionInfo>
                    <VersionInfo Name="DLL">False</VersionInfo>
                    <VersionInfo Name="Locale">2057</VersionInfo>
                    <VersionInfo Name="CodePage">1252</VersionInfo>
                </VersionInfo>
                <VersionInfoKeys>
                    <VersionInfoKeys Name="CompanyName"/>
                    <VersionInfoKeys Name="FileDescription">PyScripter Python IDE</VersionInfoKeys>
                    <VersionInfoKeys Name="FileVersion">2.4.4.0</VersionInfoKeys>
                    <VersionInfoKeys Name="InternalName"/>
                    <VersionInfoKeys Name="LegalCopyright"/>
                    <VersionInfoKeys Name="LegalTrademarks"/>
                    <VersionInfoKeys Name="OriginalFilename"/>
                    <VersionInfoKeys Name="ProductName">PyScripter</VersionInfoKeys>
                    <VersionInfoKeys Name="ProductVersion">1.0.0.0</VersionInfoKeys>
                    <VersionInfoKeys Name="Comments"/>
                </VersionInfoKeys>
                <Parameters>
                    <Parameters Name="UseLauncher">False</Parameters>
                    <Parameters Name="LoadAllSymbols">True</Parameters>
                    <Parameters Name="LoadUnspecifiedSymbols">False</Parameters>
                </Parameters>
            </Delphi.Personality>
            <ModelSupport>False</ModelSupport>
            <Platforms>
                <Platform value="Win32">True</Platform>
                <Platform value="Win64">True</Platform>
            </Platforms>
            <MMX>
                <UsesClauseFormatter AutoFormat="0">
                    <GroupNames>WinApi;System.Win;System;Data;Vcl</GroupNames>
                </UsesClauseFormatter>
            </MMX>
        </BorlandProject>
        <ProjectFileVersion>12</ProjectFileVersion>
    </ProjectExtensions>
    <Import Condition="Exists('$(APPDATA)\Embarcadero\$(BDSAPPDATABASEDIR)\$(PRODUCTVERSION)\UserTools.proj')" Project="$(APPDATA)\Embarcadero\$(BDSAPPDATABASEDIR)\$(PRODUCTVERSION)\UserTools.proj"/>
    <Import Project="$(MSBuildProjectName).deployproj" Condition="Exists('$(MSBuildProjectName).deployproj')"/>
</Project>
